
Microsoft Visual Studio Solution File, Format Version 12.00
# Visual Studio Version 17
VisualStudioVersion = 17.7.34221.43
MinimumVisualStudioVersion = 10.0.40219.1
Project("{9A19103F-16F7-4668-BE54-9A1E7A4F7556}") = "TaskWithYou.Server", "TaskWithYou\Server\TaskWithYou.Server.csproj", "{321E8D05-70B2-4113-8305-BEB7101C0B41}"
EndProject
Project("{9A19103F-16F7-4668-BE54-9A1E7A4F7556}") = "TaskWithYou.Client", "TaskWithYou\Client\TaskWithYou.Client.csproj", "{29413B7A-A0FA-46DE-9ACD-056C7CBCCD39}"
EndProject
Project("{9A19103F-16F7-4668-BE54-9A1E7A4F7556}") = "TaskWithYou.Shared", "TaskWithYou\Shared\TaskWithYou.Shared.csproj", "{F685EF05-1365-4570-AB9D-C0654A45F8C1}"
EndProject
Project("{FAE04EC0-301F-11D3-BF4B-00C04F79EFBC}") = "TaskWithYou.Client.Tests", "TaskWithYou.Client.Tests\TaskWithYou.Client.Tests.csproj", "{B4F50C30-D13F-4410-8BF3-70081C051C7C}"
EndProject
Global
	GlobalSection(SolutionConfigurationPlatforms) = preSolution
		Debug|Any CPU = Debug|Any CPU
		Release|Any CPU = Release|Any CPU
	EndGlobalSection
	GlobalSection(ProjectConfigurationPlatforms) = postSolution
		{321E8D05-70B2-4113-8305-BEB7101C0B41}.Debug|Any CPU.ActiveCfg = Debug|Any CPU
		{321E8D05-70B2-4113-8305-BEB7101C0B41}.Debug|Any CPU.Build.0 = Debug|Any CPU
		{321E8D05-70B2-4113-8305-BEB7101C0B41}.Release|Any CPU.ActiveCfg = Release|Any CPU
		{321E8D05-70B2-4113-8305-BEB7101C0B41}.Release|Any CPU.Build.0 = Release|Any CPU
		{29413B7A-A0FA-46DE-9ACD-056C7CBCCD39}.Debug|Any CPU.ActiveCfg = Debug|Any CPU
		{29413B7A-A0FA-46DE-9ACD-056C7CBCCD39}.Debug|Any CPU.Build.0 = Debug|Any CPU
		{29413B7A-A0FA-46DE-9ACD-056C7CBCCD39}.Release|Any CPU.ActiveCfg = Release|Any CPU
		{29413B7A-A0FA-46DE-9ACD-056C7CBCCD39}.Release|Any CPU.Build.0 = Release|Any CPU
		{F685EF05-1365-4570-AB9D-C0654A45F8C1}.Debug|Any CPU.ActiveCfg = Debug|Any CPU
		{F685EF05-1365-4570-AB9D-C0654A45F8C1}.Debug|Any CPU.Build.0 = Debug|Any CPU
		{F685EF05-1365-4570-AB9D-C0654A45F8C1}.Release|Any CPU.ActiveCfg = Release|Any CPU
		{F685EF05-1365-4570-AB9D-C0654A45F8C1}.Release|Any CPU.Build.0 = Release|Any CPU
		{B4F50C30-D13F-4410-8BF3-70081C051C7C}.Debug|Any CPU.ActiveCfg = Debug|Any CPU
		{B4F50C30-D13F-4410-8BF3-70081C051C7C}.Debug|Any CPU.Build.0 = Debug|Any CPU
		{B4F50C30-D13F-4410-8BF3-70081C051C7C}.Release|Any CPU.ActiveCfg = Release|Any CPU
		{B4F50C30-D13F-4410-8BF3-70081C051C7C}.Release|Any CPU.Build.0 = Release|Any CPU
	EndGlobalSection
	GlobalSection(SolutionProperties) = preSolution
		HideSolutionNode = FALSE
	EndGlobalSection
	GlobalSection(ExtensibilityGlobals) = postSolution
		SolutionGuid = {48E40F79-6460-4983-AD13-C78536A995A0}
	EndGlobalSection
EndGlobal
